
Microsoft Visual Studio Solution File, Format Version 12.00
# Visual Studio Version 16
VisualStudioVersion = 16.0.30204.135
MinimumVisualStudioVersion = 10.0.40219.1
Project("{9A19103F-16F7-4668-BE54-9A1E7A4F7556}") = "Open.Text", "Source\Open.Text.csproj", "{3C245F69-844A-4DC9-93E7-C02545B013C0}"
EndProject
Project("{9A19103F-16F7-4668-BE54-9A1E7A4F7556}") = "Open.Text.Tests", "Tests\Open.Text.Tests.csproj", "{C5BB368A-90CC-4DDA-B587-DAE590308F08}"
EndProject
Global
	GlobalSection(SolutionConfigurationPlatforms) = preSolution
		Debug|Any CPU = Debug|Any CPU
		Release|Any CPU = Release|Any CPU
	EndGlobalSection
	GlobalSection(ProjectConfigurationPlatforms) = postSolution
		{3C245F69-844A-4DC9-93E7-C02545B013C0}.Debug|Any CPU.ActiveCfg = Debug|Any CPU
		{3C245F69-844A-4DC9-93E7-C02545B013C0}.Debug|Any CPU.Build.0 = Debug|Any CPU
		{3C245F69-844A-4DC9-93E7-C02545B013C0}.Release|Any CPU.ActiveCfg = Release|Any CPU
		{3C245F69-844A-4DC9-93E7-C02545B013C0}.Release|Any CPU.Build.0 = Release|Any CPU
		{C5BB368A-90CC-4DDA-B587-DAE590308F08}.Debug|Any CPU.ActiveCfg = Debug|Any CPU
		{C5BB368A-90CC-4DDA-B587-DAE590308F08}.Debug|Any CPU.Build.0 = Debug|Any CPU
		{C5BB368A-90CC-4DDA-B587-DAE590308F08}.Release|Any CPU.ActiveCfg = Release|Any CPU
		{C5BB368A-90CC-4DDA-B587-DAE590308F08}.Release|Any CPU.Build.0 = Release|Any CPU
	EndGlobalSection
	GlobalSection(SolutionProperties) = preSolution
		HideSolutionNode = FALSE
	EndGlobalSection
	GlobalSection(ExtensibilityGlobals) = postSolution
		SolutionGuid = {E4D180B1-0EE4-4265-B49E-EC5B6A9AFAA3}
	EndGlobalSection
EndGlobal
